// !$*UTF8*$!
{
	archiveVersion = 1;
	classes = {
	};
	objectVersion = 110;
	objects = {

/* Begin PBXBuildFile section */
		0E06B8873002FEE000E41DC6 /* AppDelegate.swift in Sources */ = {isa = PBXBuildFile; fileRef = 0E06B8863002FEE000E41DC6 /* AppDelegate.swift */; };
		0E06B88B3002FEE000E41DC6 /* Main.html in Resources */ = {isa = PBXBuildFile; fileRef = 0E06B8893002FEE000E41DC6 /* Main.html */; };
		0E06B88D3002FEE000E41DC6 /* Icon.png in Resources */ = {isa = PBXBuildFile; fileRef = 0E06B88C3002FEE000E41DC6 /* Icon.png */; };
		0E06B88F3002FEE000E41DC6 /* Style.css in Resources */ = {isa = PBXBuildFile; fileRef = 0E06B88E3002FEE000E41DC6 /* Style.css */; };
		0E06B8913002FEE000E41DC6 /* Script.js in Resources */ = {isa = PBXBuildFile; fileRef = 0E06B8903002FEE000E41DC6 /* Script.js */; };
		0E06B8933002FEE000E41DC6 /* ViewController.swift in Sources */ = {isa = PBXBuildFile; fileRef = 0E06B8923002FEE000E41DC6 /* ViewController.swift */; };
		0E06B8963002FEE000E41DC6 /* Main.storyboard in Resources */ = {isa = PBXBuildFile; fileRef = 0E06B8943002FEE000E41DC6 /* Main.storyboard */; };
		0E06B8983002FEE100E41DC6 /* Assets.xcassets in Resources */ = {isa = PBXBuildFile; fileRef = 0E06B8973002FEE100E41DC6 /* Assets.xcassets */; };
		0E06B89F3002FEE100E41DC6 /* YouTube First Content Tab Extension.appex in Embed Foundation Extensions */ = {isa = PBXBuildFile; fileRef = 0E06B89E3002FEE100E41DC6 /* YouTube First Content Tab Extension.appex */; settings = {ATTRIBUTES = (RemoveHeadersOnCopy, ); }; };
		0E06B8A43002FEE100E41DC6 /* SafariWebExtensionHandler.swift in Sources */ = {isa = PBXBuildFile; fileRef = 0E06B8A33002FEE100E41DC6 /* SafariWebExtensionHandler.swift */; };
		0E06B8B23002FEE100E41DC6 /* manifest.json in Resources */ = {isa = PBXBuildFile; fileRef = 0E06B8B03002FEE100E41DC6 /* manifest.json */; };
		0E06B8B33002FEE100E41DC6 /* content.js in Resources */ = {isa = PBXBuildFile; fileRef = 0E06B8B13002FEE100E41DC6 /* content.js */; };
		0E06B8B53002FEE100E41DC6 /* icons in Resources */ = {isa = PBXBuildFile; fileRef = 0E06B8B43002FEE100E41DC6 /* icons */; };
/* End PBXBuildFile section */

/* Begin PBXContainerItemProxy section */
		0E06B8A03002FEE100E41DC6 /* PBXContainerItemProxy */ = {
			isa = PBXContainerItemProxy;
			containerPortal = 0E06B87B3002FEE000E41DC6 /* Project object */;
			proxyType = 1;
			remoteGlobalIDString = 0E06B89D3002FEE100E41DC6;
			remoteInfo = "YouTube First Content Tab Extension";
		};
/* End PBXContainerItemProxy section */

/* Begin PBXCopyFilesBuildPhase section */
		0E06B8AB3002FEE100E41DC6 /* Embed Foundation Extensions */ = {
			isa = PBXCopyFilesBuildPhase;
			dstPath = "";
			dstSubfolder = PlugIns;
			files = (
				0E06B89F3002FEE100E41DC6 /* YouTube First Content Tab Extension.appex in Embed Foundation Extensions */,
			);
			name = "Embed Foundation Extensions";
		};
/* End PBXCopyFilesBuildPhase section */

/* Begin PBXFileReference section */
		0E06B8833002FEE000E41DC6 /* YouTube First Content Tab.app */ = {isa = PBXFileReference; explicitFileType = wrapper.application; includeInIndex = 0; path = "YouTube First Content Tab.app"; sourceTree = BUILT_PRODUCTS_DIR; };
		0E06B8863002FEE000E41DC6 /* AppDelegate.swift */ = {isa = PBXFileReference; lastKnownFileType = sourcecode.swift; path = AppDelegate.swift; sourceTree = "<group>"; };
		0E06B88A3002FEE000E41DC6 /* Base */ = {isa = PBXFileReference; lastKnownFileType = text.html; name = Base; path = Base.lproj/Main.html; sourceTree = "<group>"; };
		0E06B88C3002FEE000E41DC6 /* Icon.png */ = {isa = PBXFileReference; lastKnownFileType = image.png; path = Icon.png; sourceTree = "<group>"; };
		0E06B88E3002FEE000E41DC6 /* Style.css */ = {isa = PBXFileReference; lastKnownFileType = text.css; path = Style.css; sourceTree = "<group>"; };
		0E06B8903002FEE000E41DC6 /* Script.js */ = {isa = PBXFileReference; lastKnownFileType = sourcecode.javascript; path = Script.js; sourceTree = "<group>"; };
		0E06B8923002FEE000E41DC6 /* ViewController.swift */ = {isa = PBXFileReference; lastKnownFileType = sourcecode.swift; path = ViewController.swift; sourceTree = "<group>"; };
		0E06B8953002FEE000E41DC6 /* Base */ = {isa = PBXFileReference; lastKnownFileType = file.storyboard; name = Base; path = Base.lproj/Main.storyboard; sourceTree = "<group>"; };
		0E06B8973002FEE100E41DC6 /* Assets.xcassets */ = {isa = PBXFileReference; lastKnownFileType = folder.assetcatalog; path = Assets.xcassets; sourceTree = "<group>"; };
		0E06B8993002FEE100E41DC6 /* Info.plist */ = {isa = PBXFileReference; lastKnownFileType = text.plist.xml; path = Info.plist; sourceTree = "<group>"; };
		0E06B89E3002FEE100E41DC6 /* YouTube First Content Tab Extension.appex */ = {isa = PBXFileReference; explicitFileType = "wrapper.app-extension"; includeInIndex = 0; path = "YouTube First Content Tab Extension.appex"; sourceTree = BUILT_PRODUCTS_DIR; };
		0E06B8A33002FEE100E41DC6 /* SafariWebExtensionHandler.swift */ = {isa = PBXFileReference; lastKnownFileType = sourcecode.swift; path = SafariWebExtensionHandler.swift; sourceTree = "<group>"; };
		0E06B8A53002FEE100E41DC6 /* Info.plist */ = {isa = PBXFileReference; lastKnownFileType = text.plist.xml; path = Info.plist; sourceTree = "<group>"; };
		0E06B8B03002FEE100E41DC6 /* manifest.json */ = {isa = PBXFileReference; lastKnownFileType = text.json; name = manifest.json; path = Resources/manifest.json; sourceTree = "<group>"; };
		0E06B8B13002FEE100E41DC6 /* content.js */ = {isa = PBXFileReference; lastKnownFileType = sourcecode.javascript; name = content.js; path = Resources/content.js; sourceTree = "<group>"; };
		0E06B8B43002FEE100E41DC6 /* icons */ = {isa = PBXFileReference; lastKnownFileType = folder; name = icons; path = Resources/icons; sourceTree = "<group>"; };
/* End PBXFileReference section */

/* Begin PBXFrameworksBuildPhase section */
		0E06B8803002FEE000E41DC6 /* Frameworks */ = {
			isa = PBXFrameworksBuildPhase;
			files = (
			);
		};
		0E06B89B3002FEE100E41DC6 /* Frameworks */ = {
			isa = PBXFrameworksBuildPhase;
			files = (
			);
		};
/* End PBXFrameworksBuildPhase section */

/* Begin PBXGroup section */
		0E06B87A3002FEE000E41DC6 = {
			isa = PBXGroup;
			children = (
				0E06B8853002FEE000E41DC6 /* YouTube First Content Tab */,
				0E06B8A23002FEE100E41DC6 /* YouTube First Content Tab Extension */,
				0E06B8843002FEE000E41DC6 /* Products */,
			);
			sourceTree = "<group>";
		};
		0E06B8843002FEE000E41DC6 /* Products */ = {
			isa = PBXGroup;
			children = (
				0E06B8833002FEE000E41DC6 /* YouTube First Content Tab.app */,
				0E06B89E3002FEE100E41DC6 /* YouTube First Content Tab Extension.appex */,
			);
			name = Products;
			sourceTree = "<group>";
		};
		0E06B8853002FEE000E41DC6 /* YouTube First Content Tab */ = {
			isa = PBXGroup;
			children = (
				0E06B8863002FEE000E41DC6 /* AppDelegate.swift */,
				0E06B8923002FEE000E41DC6 /* ViewController.swift */,
				0E06B8943002FEE000E41DC6 /* Main.storyboard */,
				0E06B8973002FEE100E41DC6 /* Assets.xcassets */,
				0E06B8993002FEE100E41DC6 /* Info.plist */,
				0E06B8883002FEE000E41DC6 /* Resources */,
			);
			path = "YouTube First Content Tab";
			sourceTree = "<group>";
		};
		0E06B8883002FEE000E41DC6 /* Resources */ = {
			isa = PBXGroup;
			children = (
				0E06B8893002FEE000E41DC6 /* Main.html */,
				0E06B88C3002FEE000E41DC6 /* Icon.png */,
				0E06B88E3002FEE000E41DC6 /* Style.css */,
				0E06B8903002FEE000E41DC6 /* Script.js */,
			);
			path = Resources;
			sourceTree = "<group>";
		};
		0E06B8A23002FEE100E41DC6 /* YouTube First Content Tab Extension */ = {
			isa = PBXGroup;
			children = (
				0E06B8AF3002FEE100E41DC6 /* Resources */,
				0E06B8A33002FEE100E41DC6 /* SafariWebExtensionHandler.swift */,
				0E06B8A53002FEE100E41DC6 /* Info.plist */,
			);
			path = "YouTube First Content Tab Extension";
			sourceTree = "<group>";
		};
		0E06B8AF3002FEE100E41DC6 /* Resources */ = {
			isa = PBXGroup;
			children = (
				0E06B8B03002FEE100E41DC6 /* manifest.json */,
				0E06B8B13002FEE100E41DC6 /* content.js */,
				0E06B8B43002FEE100E41DC6 /* icons */,
			);
			name = Resources;
			path = "YouTube First Content Tab Extension";
			sourceTree = SOURCE_ROOT;
		};
/* End PBXGroup section */

/* Begin PBXNativeTarget section */
		0E06B8823002FEE000E41DC6 /* YouTube First Content Tab */ = {
			isa = PBXNativeTarget;
			buildConfigurationList = 0E06B8AC3002FEE100E41DC6 /* Build configuration list for PBXNativeTarget "YouTube First Content Tab" */;
			buildPhases = (
				0E06B87F3002FEE000E41DC6 /* Sources */,
				0E06B8803002FEE000E41DC6 /* Frameworks */,
				0E06B8813002FEE000E41DC6 /* Resources */,
				0E06B8AB3002FEE100E41DC6 /* Embed Foundation Extensions */,
			);
			buildRules = (
			);
			dependencies = (
				0E06B8A13002FEE100E41DC6 /* PBXTargetDependency */,
			);
			name = "YouTube First Content Tab";
			productName = "YouTube First Content Tab";
			productReference = 0E06B8833002FEE000E41DC6 /* YouTube First Content Tab.app */;
			productType = "com.apple.product-type.application";
		};
		0E06B89D3002FEE100E41DC6 /* YouTube First Content Tab Extension */ = {
			isa = PBXNativeTarget;
			buildConfigurationList = 0E06B8A83002FEE100E41DC6 /* Build configuration list for PBXNativeTarget "YouTube First Content Tab Extension" */;
			buildPhases = (
				0E06B89A3002FEE100E41DC6 /* Sources */,
				0E06B89B3002FEE100E41DC6 /* Frameworks */,
				0E06B89C3002FEE100E41DC6 /* Resources */,
			);
			buildRules = (
			);
			name = "YouTube First Content Tab Extension";
			productName = "YouTube First Content Tab Extension";
			productReference = 0E06B89E3002FEE100E41DC6 /* YouTube First Content Tab Extension.appex */;
			productType = "com.apple.product-type.app-extension";
		};
/* End PBXNativeTarget section */

/* Begin PBXProject section */
		0E06B87B3002FEE000E41DC6 /* Project object */ = {
			isa = PBXProject;
			attributes = {
				BuildIndependentTargetsInParallel = 1;
				LastSwiftUpdateCheck = 2700;
				LastUpgradeCheck = 2700;
				TargetAttributes = {
					0E06B8823002FEE000E41DC6 = {
						CreatedOnToolsVersion = 27.0;
					};
					0E06B89D3002FEE100E41DC6 = {
						CreatedOnToolsVersion = 27.0;
					};
				};
			};
			buildConfigurationList = 0E06B87E3002FEE000E41DC6 /* Build configuration list for PBXProject "YouTube First Content Tab" */;
			developmentRegion = en;
			hasScannedForEncodings = 0;
			knownRegions = (
				en,
				Base,
			);
			mainGroup = 0E06B87A3002FEE000E41DC6;
			minimizedProjectReferenceProxies = 1;
			preferredProjectObjectVersion = 77;
			productRefGroup = 0E06B8843002FEE000E41DC6 /* Products */;
			projectDirPath = "";
			projectRoot = "";
			targets = (
				0E06B8823002FEE000E41DC6 /* YouTube First Content Tab */,
				0E06B89D3002FEE100E41DC6 /* YouTube First Content Tab Extension */,
			);
		};
/* End PBXProject section */

/* Begin PBXResourcesBuildPhase section */
		0E06B8813002FEE000E41DC6 /* Resources */ = {
			isa = PBXResourcesBuildPhase;
			files = (
				0E06B88D3002FEE000E41DC6 /* Icon.png in Resources */,
				0E06B8963002FEE000E41DC6 /* Main.storyboard in Resources */,
				0E06B8913002FEE000E41DC6 /* Script.js in Resources */,
				0E06B88B3002FEE000E41DC6 /* Main.html in Resources */,
				0E06B8983002FEE100E41DC6 /* Assets.xcassets in Resources */,
				0E06B88F3002FEE000E41DC6 /* Style.css in Resources */,
			);
		};
		0E06B89C3002FEE100E41DC6 /* Resources */ = {
			isa = PBXResourcesBuildPhase;
			files = (
				0E06B8B33002FEE100E41DC6 /* content.js in Resources */,
				0E06B8B23002FEE100E41DC6 /* manifest.json in Resources */,
				0E06B8B53002FEE100E41DC6 /* icons in Resources */,
			);
		};
/* End PBXResourcesBuildPhase section */

/* Begin PBXSourcesBuildPhase section */
		0E06B87F3002FEE000E41DC6 /* Sources */ = {
			isa = PBXSourcesBuildPhase;
			files = (
				0E06B8933002FEE000E41DC6 /* ViewController.swift in Sources */,
				0E06B8873002FEE000E41DC6 /* AppDelegate.swift in Sources */,
			);
		};
		0E06B89A3002FEE100E41DC6 /* Sources */ = {
			isa = PBXSourcesBuildPhase;
			files = (
				0E06B8A43002FEE100E41DC6 /* SafariWebExtensionHandler.swift in Sources */,
			);
		};
/* End PBXSourcesBuildPhase section */

/* Begin PBXTargetDependency section */
		0E06B8A13002FEE100E41DC6 /* PBXTargetDependency */ = {
			isa = PBXTargetDependency;
			target = 0E06B89D3002FEE100E41DC6 /* YouTube First Content Tab Extension */;
			targetProxy = 0E06B8A03002FEE100E41DC6 /* PBXContainerItemProxy */;
		};
/* End PBXTargetDependency section */

/* Begin PBXVariantGroup section */
		0E06B8893002FEE000E41DC6 /* Main.html */ = {
			isa = PBXVariantGroup;
			children = (
				0E06B88A3002FEE000E41DC6 /* Base */,
			);
			name = Main.html;
			sourceTree = "<group>";
		};
		0E06B8943002FEE000E41DC6 /* Main.storyboard */ = {
			isa = PBXVariantGroup;
			children = (
				0E06B8953002FEE000E41DC6 /* Base */,
			);
			name = Main.storyboard;
			sourceTree = "<group>";
		};
/* End PBXVariantGroup section */

/* Begin XCBuildConfiguration section */
		0E06B8A63002FEE100E41DC6 /* Debug configuration for PBXProject "YouTube First Content Tab" */ = {
			isa = XCBuildConfiguration;
			buildSettings = {
				ALWAYS_SEARCH_USER_PATHS = NO;
				ASSETCATALOG_COMPILER_GENERATE_SWIFT_ASSET_SYMBOL_EXTENSIONS = YES;
				CLANG_ANALYZER_NONNULL = YES;
				CLANG_ANALYZER_NUMBER_OBJECT_CONVERSION = YES_AGGRESSIVE;
				CLANG_CXX_LANGUAGE_STANDARD = "gnu++20";
				CLANG_ENABLE_MODULES = YES;
				CLANG_ENABLE_OBJC_ARC = YES;
				CLANG_ENABLE_OBJC_WEAK = YES;
				CLANG_WARN_BLOCK_CAPTURE_AUTORELEASING = YES;
				CLANG_WARN_BOOL_CONVERSION = YES;
				CLANG_WARN_COMMA = YES;
				CLANG_WARN_CONSTANT_CONVERSION = YES;
				CLANG_WARN_DEPRECATED_OBJC_IMPLEMENTATIONS = YES;
				CLANG_WARN_DIRECT_OBJC_ISA_USAGE = YES_ERROR;
				CLANG_WARN_DOCUMENTATION_COMMENTS = YES;
				CLANG_WARN_EMPTY_BODY = YES;
				CLANG_WARN_ENUM_CONVERSION = YES;
				CLANG_WARN_INFINITE_RECURSION = YES;
				CLANG_WARN_INT_CONVERSION = YES;
				CLANG_WARN_NON_LITERAL_NULL_CONVERSION = YES;
				CLANG_WARN_OBJC_IMPLICIT_RETAIN_SELF = YES;
				CLANG_WARN_OBJC_LITERAL_CONVERSION = YES;
				CLANG_WARN_OBJC_ROOT_CLASS = YES_ERROR;
				CLANG_WARN_QUOTED_INCLUDE_IN_FRAMEWORK_HEADER = YES;
				CLANG_WARN_RANGE_LOOP_ANALYSIS = YES;
				CLANG_WARN_STRICT_PROTOTYPES = YES;
				CLANG_WARN_SUSPICIOUS_MOVE = YES;
				CLANG_WARN_UNGUARDED_AVAILABILITY = YES_AGGRESSIVE;
				CLANG_WARN_UNREACHABLE_CODE = YES;
				CLANG_WARN__DUPLICATE_METHOD_MATCH = YES;
				COPY_PHASE_STRIP = NO;
				DEBUG_INFORMATION_FORMAT = dwarf;
				ENABLE_STRICT_OBJC_MSGSEND = YES;
				ENABLE_TESTABILITY = YES;
				ENABLE_USER_SCRIPT_SANDBOXING = YES;
				GCC_C_LANGUAGE_STANDARD = gnu17;
				GCC_DYNAMIC_NO_PIC = NO;
				GCC_NO_COMMON_BLOCKS = YES;
				GCC_OPTIMIZATION_LEVEL = 0;
				GCC_PREPROCESSOR_DEFINITIONS = (
					"DEBUG=1",
					"$(inherited)",
				);
				GCC_WARN_64_TO_32_BIT_CONVERSION = YES;
				GCC_WARN_ABOUT_RETURN_TYPE = YES_ERROR;
				GCC_WARN_UNDECLARED_SELECTOR = YES;
				GCC_WARN_UNINITIALIZED_AUTOS = YES_AGGRESSIVE;
				GCC_WARN_UNUSED_FUNCTION = YES;
				GCC_WARN_UNUSED_VARIABLE = YES;
				LOCALIZATION_PREFERS_STRING_CATALOGS = YES;
				MACOSX_DEPLOYMENT_TARGET = 27.0;
				MTL_ENABLE_DEBUG_INFO = INCLUDE_SOURCE;
				MTL_FAST_MATH = YES;
				ONLY_ACTIVE_ARCH = YES;
				SDKROOT = macosx;
				SWIFT_ACTIVE_COMPILATION_CONDITIONS = "DEBUG $(inherited)";
				SWIFT_OPTIMIZATION_LEVEL = "-Onone";
			};
			name = Debug;
		};
		0E06B8A73002FEE100E41DC6 /* Release configuration for PBXProject "YouTube First Content Tab" */ = {
			isa = XCBuildConfiguration;
			buildSettings = {
				ALWAYS_SEARCH_USER_PATHS = NO;
				ASSETCATALOG_COMPILER_GENERATE_SWIFT_ASSET_SYMBOL_EXTENSIONS = YES;
				CLANG_ANALYZER_NONNULL = YES;
				CLANG_ANALYZER_NUMBER_OBJECT_CONVERSION = YES_AGGRESSIVE;
				CLANG_CXX_LANGUAGE_STANDARD = "gnu++20";
				CLANG_ENABLE_MODULES = YES;
				CLANG_ENABLE_OBJC_ARC = YES;
				CLANG_ENABLE_OBJC_WEAK = YES;
				CLANG_WARN_BLOCK_CAPTURE_AUTORELEASING = YES;
				CLANG_WARN_BOOL_CONVERSION = YES;
				CLANG_WARN_COMMA = YES;
				CLANG_WARN_CONSTANT_CONVERSION = YES;
				CLANG_WARN_DEPRECATED_OBJC_IMPLEMENTATIONS = YES;
				CLANG_WARN_DIRECT_OBJC_ISA_USAGE = YES_ERROR;
				CLANG_WARN_DOCUMENTATION_COMMENTS = YES;
				CLANG_WARN_EMPTY_BODY = YES;
				CLANG_WARN_ENUM_CONVERSION = YES;
				CLANG_WARN_INFINITE_RECURSION = YES;
				CLANG_WARN_INT_CONVERSION = YES;
				CLANG_WARN_NON_LITERAL_NULL_CONVERSION = YES;
				CLANG_WARN_OBJC_IMPLICIT_RETAIN_SELF = YES;
				CLANG_WARN_OBJC_LITERAL_CONVERSION = YES;
				CLANG_WARN_OBJC_ROOT_CLASS = YES_ERROR;
				CLANG_WARN_QUOTED_INCLUDE_IN_FRAMEWORK_HEADER = YES;
				CLANG_WARN_RANGE_LOOP_ANALYSIS = YES;
				CLANG_WARN_STRICT_PROTOTYPES = YES;
				CLANG_WARN_SUSPICIOUS_MOVE = YES;
				CLANG_WARN_UNGUARDED_AVAILABILITY = YES_AGGRESSIVE;
				CLANG_WARN_UNREACHABLE_CODE = YES;
				CLANG_WARN__DUPLICATE_METHOD_MATCH = YES;
				COPY_PHASE_STRIP = NO;
				DEBUG_INFORMATION_FORMAT = "dwarf-with-dsym";
				ENABLE_NS_ASSERTIONS = NO;
				ENABLE_STRICT_OBJC_MSGSEND = YES;
				ENABLE_USER_SCRIPT_SANDBOXING = YES;
				GCC_C_LANGUAGE_STANDARD = gnu17;
				GCC_NO_COMMON_BLOCKS = YES;
				GCC_WARN_64_TO_32_BIT_CONVERSION = YES;
				GCC_WARN_ABOUT_RETURN_TYPE = YES_ERROR;
				GCC_WARN_UNDECLARED_SELECTOR = YES;
				GCC_WARN_UNINITIALIZED_AUTOS = YES_AGGRESSIVE;
				GCC_WARN_UNUSED_FUNCTION = YES;
				GCC_WARN_UNUSED_VARIABLE = YES;
				LOCALIZATION_PREFERS_STRING_CATALOGS = YES;
				MACOSX_DEPLOYMENT_TARGET = 27.0;
				MTL_ENABLE_DEBUG_INFO = NO;
				MTL_FAST_MATH = YES;
				SDKROOT = macosx;
				SWIFT_COMPILATION_MODE = wholemodule;
			};
			name = Release;
		};
		0E06B8A93002FEE100E41DC6 /* Debug configuration for PBXNativeTarget "YouTube First Content Tab Extension" */ = {
			isa = XCBuildConfiguration;
			buildSettings = {
				CODE_SIGN_STYLE = Automatic;
				CURRENT_PROJECT_VERSION = 6;
				DEVELOPMENT_TEAM = Q2X7X86GYR;
				ENABLE_APP_SANDBOX = YES;
				ENABLE_HARDENED_RUNTIME = YES;
				ENABLE_USER_SELECTED_FILES = readonly;
				GENERATE_INFOPLIST_FILE = YES;
				INFOPLIST_FILE = "YouTube First Content Tab Extension/Info.plist";
				INFOPLIST_KEY_CFBundleDisplayName = "YouTube Defaults";
				INFOPLIST_KEY_NSHumanReadableCopyright = "";
				LD_RUNPATH_SEARCH_PATHS = (
					"$(inherited)",
					"@executable_path/../Frameworks",
					"@executable_path/../../../../Frameworks",
				);
				MACOSX_DEPLOYMENT_TARGET = 12.0;
				MARKETING_VERSION = 1.5.4;
				OTHER_LDFLAGS = (
					"-framework",
					SafariServices,
				);
				PRODUCT_BUNDLE_IDENTIFIER = "com.ivogundlach.youtube-first-content-tab.Extension";
				PRODUCT_NAME = "$(TARGET_NAME)";
				SKIP_INSTALL = YES;
				STRING_CATALOG_GENERATE_SYMBOLS = YES;
				SWIFT_APPROACHABLE_CONCURRENCY = YES;
				SWIFT_EMIT_LOC_STRINGS = YES;
				SWIFT_UPCOMING_FEATURE_MEMBER_IMPORT_VISIBILITY = YES;
				SWIFT_VERSION = 5.0;
			};
			name = Debug;
		};
		0E06B8AA3002FEE100E41DC6 /* Release configuration for PBXNativeTarget "YouTube First Content Tab Extension" */ = {
			isa = XCBuildConfiguration;
			buildSettings = {
				CODE_SIGN_STYLE = Automatic;
				CURRENT_PROJECT_VERSION = 6;
				DEVELOPMENT_TEAM = Q2X7X86GYR;
				ENABLE_APP_SANDBOX = YES;
				ENABLE_HARDENED_RUNTIME = YES;
				ENABLE_USER_SELECTED_FILES = readonly;
				GENERATE_INFOPLIST_FILE = YES;
				INFOPLIST_FILE = "YouTube First Content Tab Extension/Info.plist";
				INFOPLIST_KEY_CFBundleDisplayName = "YouTube Defaults";
				INFOPLIST_KEY_NSHumanReadableCopyright = "";
				LD_RUNPATH_SEARCH_PATHS = (
					"$(inherited)",
					"@executable_path/../Frameworks",
					"@executable_path/../../../../Frameworks",
				);
				MACOSX_DEPLOYMENT_TARGET = 12.0;
				MARKETING_VERSION = 1.5.4;
				OTHER_LDFLAGS = (
					"-framework",
					SafariServices,
				);
				PRODUCT_BUNDLE_IDENTIFIER = "com.ivogundlach.youtube-first-content-tab.Extension";
				PRODUCT_NAME = "$(TARGET_NAME)";
				SKIP_INSTALL = YES;
				STRING_CATALOG_GENERATE_SYMBOLS = YES;
				SWIFT_APPROACHABLE_CONCURRENCY = YES;
				SWIFT_EMIT_LOC_STRINGS = YES;
				SWIFT_UPCOMING_FEATURE_MEMBER_IMPORT_VISIBILITY = YES;
				SWIFT_VERSION = 5.0;
			};
			name = Release;
		};
		0E06B8AD3002FEE100E41DC6 /* Debug configuration for PBXNativeTarget "YouTube First Content Tab" */ = {
			isa = XCBuildConfiguration;
			buildSettings = {
				ASSETCATALOG_COMPILER_APPICON_NAME = AppIcon;
				ASSETCATALOG_COMPILER_GLOBAL_ACCENT_COLOR_NAME = AccentColor;
				CODE_SIGN_STYLE = Automatic;
				COMBINE_HIDPI_IMAGES = YES;
				CURRENT_PROJECT_VERSION = 6;
				DEVELOPMENT_TEAM = Q2X7X86GYR;
				ENABLE_APP_SANDBOX = YES;
				ENABLE_HARDENED_RUNTIME = YES;
				ENABLE_OUTGOING_NETWORK_CONNECTIONS = YES;
				ENABLE_USER_SELECTED_FILES = readonly;
				GENERATE_INFOPLIST_FILE = YES;
				INFOPLIST_FILE = "YouTube First Content Tab/Info.plist";
				INFOPLIST_KEY_CFBundleDisplayName = "YouTube Defaults";
				INFOPLIST_KEY_NSHumanReadableCopyright = "";
				INFOPLIST_KEY_NSMainStoryboardFile = Main;
				INFOPLIST_KEY_NSPrincipalClass = NSApplication;
				LD_RUNPATH_SEARCH_PATHS = (
					"$(inherited)",
					"@executable_path/../Frameworks",
				);
				MARKETING_VERSION = 1.5.4;
				OTHER_LDFLAGS = (
					"-framework",
					SafariServices,
					"-framework",
					WebKit,
				);
				PRODUCT_BUNDLE_IDENTIFIER = "com.ivogundlach.youtube-first-content-tab";
				PRODUCT_NAME = "$(TARGET_NAME)";
				REGISTER_APP_GROUPS = YES;
				STRING_CATALOG_GENERATE_SYMBOLS = YES;
				SWIFT_APPROACHABLE_CONCURRENCY = YES;
				SWIFT_DEFAULT_ACTOR_ISOLATION = MainActor;
				SWIFT_EMIT_LOC_STRINGS = YES;
				SWIFT_UPCOMING_FEATURE_MEMBER_IMPORT_VISIBILITY = YES;
				SWIFT_VERSION = 5.0;
			};
			name = Debug;
		};
		0E06B8AE3002FEE100E41DC6 /* Release configuration for PBXNativeTarget "YouTube First Content Tab" */ = {
			isa = XCBuildConfiguration;
			buildSettings = {
				ASSETCATALOG_COMPILER_APPICON_NAME = AppIcon;
				ASSETCATALOG_COMPILER_GLOBAL_ACCENT_COLOR_NAME = AccentColor;
				CODE_SIGN_STYLE = Automatic;
				COMBINE_HIDPI_IMAGES = YES;
				CURRENT_PROJECT_VERSION = 6;
				DEVELOPMENT_TEAM = Q2X7X86GYR;
				ENABLE_APP_SANDBOX = YES;
				ENABLE_HARDENED_RUNTIME = YES;
				ENABLE_OUTGOING_NETWORK_CONNECTIONS = YES;
				ENABLE_USER_SELECTED_FILES = readonly;
				GENERATE_INFOPLIST_FILE = YES;
				INFOPLIST_FILE = "YouTube First Content Tab/Info.plist";
				INFOPLIST_KEY_CFBundleDisplayName = "YouTube Defaults";
				INFOPLIST_KEY_NSHumanReadableCopyright = "";
				INFOPLIST_KEY_NSMainStoryboardFile = Main;
				INFOPLIST_KEY_NSPrincipalClass = NSApplication;
				LD_RUNPATH_SEARCH_PATHS = (
					"$(inherited)",
					"@executable_path/../Frameworks",
				);
				MARKETING_VERSION = 1.5.4;
				OTHER_LDFLAGS = (
					"-framework",
					SafariServices,
					"-framework",
					WebKit,
				);
				PRODUCT_BUNDLE_IDENTIFIER = "com.ivogundlach.youtube-first-content-tab";
				PRODUCT_NAME = "$(TARGET_NAME)";
				REGISTER_APP_GROUPS = YES;
				STRING_CATALOG_GENERATE_SYMBOLS = YES;
				SWIFT_APPROACHABLE_CONCURRENCY = YES;
				SWIFT_DEFAULT_ACTOR_ISOLATION = MainActor;
				SWIFT_EMIT_LOC_STRINGS = YES;
				SWIFT_UPCOMING_FEATURE_MEMBER_IMPORT_VISIBILITY = YES;
				SWIFT_VERSION = 5.0;
			};
			name = Release;
		};
/* End XCBuildConfiguration section */

/* Begin XCConfigurationList section */
		0E06B87E3002FEE000E41DC6 /* Build configuration list for PBXProject "YouTube First Content Tab" */ = {
			isa = XCConfigurationList;
			buildConfigurations = (
				0E06B8A63002FEE100E41DC6 /* Debug configuration for PBXProject "YouTube First Content Tab" */,
				0E06B8A73002FEE100E41DC6 /* Release configuration for PBXProject "YouTube First Content Tab" */,
			);
			defaultConfigurationName = Release;
		};
		0E06B8A83002FEE100E41DC6 /* Build configuration list for PBXNativeTarget "YouTube First Content Tab Extension" */ = {
			isa = XCConfigurationList;
			buildConfigurations = (
				0E06B8A93002FEE100E41DC6 /* Debug configuration for PBXNativeTarget "YouTube First Content Tab Extension" */,
				0E06B8AA3002FEE100E41DC6 /* Release configuration for PBXNativeTarget "YouTube First Content Tab Extension" */,
			);
			defaultConfigurationName = Release;
		};
		0E06B8AC3002FEE100E41DC6 /* Build configuration list for PBXNativeTarget "YouTube First Content Tab" */ = {
			isa = XCConfigurationList;
			buildConfigurations = (
				0E06B8AD3002FEE100E41DC6 /* Debug configuration for PBXNativeTarget "YouTube First Content Tab" */,
				0E06B8AE3002FEE100E41DC6 /* Release configuration for PBXNativeTarget "YouTube First Content Tab" */,
			);
			defaultConfigurationName = Release;
		};
/* End XCConfigurationList section */
	};
	rootObject = 0E06B87B3002FEE000E41DC6 /* Project object */;
	validationLevel = 1;
}
